
Microsoft Visual Studio Solution File, Format Version 12.00
# Visual Studio Version 16
VisualStudioVersion = 16.0.29911.84
MinimumVisualStudioVersion = 10.0.40219.1
Project("{FAE04EC0-301F-11D3-BF4B-00C04F79EFBC}") = "Chapter3", "Chapter3\Chapter3.csproj", "{F8F42F8B-B26F-4C9A-A6D8-0572094AC25B}"
EndProject
Project("{FAE04EC0-301F-11D3-BF4B-00C04F79EFBC}") = "Chapter4", "Chapter4\Chapter4.csproj", "{BE9B5D2F-5564-4DC0-83EC-A491973A8EA4}"
EndProject
Project("{FAE04EC0-301F-11D3-BF4B-00C04F79EFBC}") = "Chapter5", "Chapter5\Chapter5.csproj", "{EBED3C89-470E-4730-A2F9-E5EE6C5D4550}"
EndProject
Project("{FAE04EC0-301F-11D3-BF4B-00C04F79EFBC}") = "Chapter6", "Chapter6\Chapter6.csproj", "{0121430F-6439-40EA-8031-BFD03F17DB25}"
EndProject
Project("{FAE04EC0-301F-11D3-BF4B-00C04F79EFBC}") = "Chapter7", "Chapter7\Chapter7.csproj", "{9D0B0909-8D24-4050-BA4D-C2FA36051113}"
EndProject
Global
	GlobalSection(SolutionConfigurationPlatforms) = preSolution
		Debug|Any CPU = Debug|Any CPU
		Release|Any CPU = Release|Any CPU
	EndGlobalSection
	GlobalSection(ProjectConfigurationPlatforms) = postSolution
		{F8F42F8B-B26F-4C9A-A6D8-0572094AC25B}.Debug|Any CPU.ActiveCfg = Debug|Any CPU
		{F8F42F8B-B26F-4C9A-A6D8-0572094AC25B}.Debug|Any CPU.Build.0 = Debug|Any CPU
		{F8F42F8B-B26F-4C9A-A6D8-0572094AC25B}.Release|Any CPU.ActiveCfg = Release|Any CPU
		{F8F42F8B-B26F-4C9A-A6D8-0572094AC25B}.Release|Any CPU.Build.0 = Release|Any CPU
		{BE9B5D2F-5564-4DC0-83EC-A491973A8EA4}.Debug|Any CPU.ActiveCfg = Debug|Any CPU
		{BE9B5D2F-5564-4DC0-83EC-A491973A8EA4}.Debug|Any CPU.Build.0 = Debug|Any CPU
		{BE9B5D2F-5564-4DC0-83EC-A491973A8EA4}.Release|Any CPU.ActiveCfg = Release|Any CPU
		{BE9B5D2F-5564-4DC0-83EC-A491973A8EA4}.Release|Any CPU.Build.0 = Release|Any CPU
		{EBED3C89-470E-4730-A2F9-E5EE6C5D4550}.Debug|Any CPU.ActiveCfg = Debug|Any CPU
		{EBED3C89-470E-4730-A2F9-E5EE6C5D4550}.Debug|Any CPU.Build.0 = Debug|Any CPU
		{EBED3C89-470E-4730-A2F9-E5EE6C5D4550}.Release|Any CPU.ActiveCfg = Release|Any CPU
		{EBED3C89-470E-4730-A2F9-E5EE6C5D4550}.Release|Any CPU.Build.0 = Release|Any CPU
		{0121430F-6439-40EA-8031-BFD03F17DB25}.Debug|Any CPU.ActiveCfg = Debug|Any CPU
		{0121430F-6439-40EA-8031-BFD03F17DB25}.Debug|Any CPU.Build.0 = Debug|Any CPU
		{0121430F-6439-40EA-8031-BFD03F17DB25}.Release|Any CPU.ActiveCfg = Release|Any CPU
		{0121430F-6439-40EA-8031-BFD03F17DB25}.Release|Any CPU.Build.0 = Release|Any CPU
		{9D0B0909-8D24-4050-BA4D-C2FA36051113}.Debug|Any CPU.ActiveCfg = Debug|Any CPU
		{9D0B0909-8D24-4050-BA4D-C2FA36051113}.Debug|Any CPU.Build.0 = Debug|Any CPU
		{9D0B0909-8D24-4050-BA4D-C2FA36051113}.Release|Any CPU.ActiveCfg = Release|Any CPU
		{9D0B0909-8D24-4050-BA4D-C2FA36051113}.Release|Any CPU.Build.0 = Release|Any CPU
	EndGlobalSection
	GlobalSection(SolutionProperties) = preSolution
		HideSolutionNode = FALSE
	EndGlobalSection
	GlobalSection(ExtensibilityGlobals) = postSolution
		SolutionGuid = {E73E0BDD-2142-4F47-8518-08A1E0660DAF}
	EndGlobalSection
EndGlobal
